
Microsoft Visual Studio Solution File, Format Version 12.00
# Visual Studio Version 17
VisualStudioVersion = 17.11.35222.181
MinimumVisualStudioVersion = 10.0.40219.1
Project("{FAE04EC0-301F-11D3-BF4B-00C04F79EFBC}") = "LISTA_5_QUESTAO_5", "LISTA_5_QUESTAO_5\LISTA_5_QUESTAO_5.csproj", "{AA4C6E7E-9F5F-42FC-AAD7-00919313E461}"
EndProject
Global
	GlobalSection(SolutionConfigurationPlatforms) = preSolution
		Debug|Any CPU = Debug|Any CPU
		Release|Any CPU = Release|Any CPU
	EndGlobalSection
	GlobalSection(ProjectConfigurationPlatforms) = postSolution
		{AA4C6E7E-9F5F-42FC-AAD7-00919313E461}.Debug|Any CPU.ActiveCfg = Debug|Any CPU
		{AA4C6E7E-9F5F-42FC-AAD7-00919313E461}.Debug|Any CPU.Build.0 = Debug|Any CPU
		{AA4C6E7E-9F5F-42FC-AAD7-00919313E461}.Release|Any CPU.ActiveCfg = Release|Any CPU
		{AA4C6E7E-9F5F-42FC-AAD7-00919313E461}.Release|Any CPU.Build.0 = Release|Any CPU
	EndGlobalSection
	GlobalSection(SolutionProperties) = preSolution
		HideSolutionNode = FALSE
	EndGlobalSection
	GlobalSection(ExtensibilityGlobals) = postSolution
		SolutionGuid = {56671E79-D737-4C0D-9FF8-17652BAA34B5}
	EndGlobalSection
EndGlobal
